
Microsoft Visual Studio Solution File, Format Version 12.00
# Visual Studio Version 16
VisualStudioVersion = 16.0.31424.327
MinimumVisualStudioVersion = 10.0.40219.1
Project("{FAE04EC0-301F-11D3-BF4B-00C04F79EFBC}") = "WeatherAnalysis", "WeatherAnalysis\WeatherAnalysis.csproj", "{1CEEF47F-03D7-48FF-A54F-03602F7B9EF7}"
EndProject
Global
	GlobalSection(SolutionConfigurationPlatforms) = preSolution
		Debug|Any CPU = Debug|Any CPU
		Release|Any CPU = Release|Any CPU
	EndGlobalSection
	GlobalSection(ProjectConfigurationPlatforms) = postSolution
		{1CEEF47F-03D7-48FF-A54F-03602F7B9EF7}.Debug|Any CPU.ActiveCfg = Debug|Any CPU
		{1CEEF47F-03D7-48FF-A54F-03602F7B9EF7}.Debug|Any CPU.Build.0 = Debug|Any CPU
		{1CEEF47F-03D7-48FF-A54F-03602F7B9EF7}.Release|Any CPU.ActiveCfg = Release|Any CPU
		{1CEEF47F-03D7-48FF-A54F-03602F7B9EF7}.Release|Any CPU.Build.0 = Release|Any CPU
	EndGlobalSection
	GlobalSection(SolutionProperties) = preSolution
		HideSolutionNode = FALSE
	EndGlobalSection
	GlobalSection(ExtensibilityGlobals) = postSolution
		SolutionGuid = {C9E05CC3-B9C0-4E3F-BFAC-E89687C9AD6F}
	EndGlobalSection
EndGlobal
